
Microsoft Visual Studio Solution File, Format Version 12.00
Project("{FAE04EC0-301F-11D3-BF4B-00C04F79EFBC}") = "PhraseStructureGrammar", "PhraseStructureGrammar\PhraseStructureGrammar.csproj", "{FD16EF7B-7F65-4C92-846D-A86570A6B094}"
EndProject
Project("{FAE04EC0-301F-11D3-BF4B-00C04F79EFBC}") = "PhraseStructureGrammarTest", "PhraseStructureGrammarTest\PhraseStructureGrammarTest.csproj", "{9272138F-523B-42D1-AA0B-A73E3A940CB2}"
EndProject
Global
	GlobalSection(SolutionConfigurationPlatforms) = preSolution
		Debug|Any CPU = Debug|Any CPU
		Release|Any CPU = Release|Any CPU
	EndGlobalSection
	GlobalSection(ProjectConfigurationPlatforms) = postSolution
		{FD16EF7B-7F65-4C92-846D-A86570A6B094}.Debug|Any CPU.ActiveCfg = Debug|Any CPU
		{FD16EF7B-7F65-4C92-846D-A86570A6B094}.Debug|Any CPU.Build.0 = Debug|Any CPU
		{FD16EF7B-7F65-4C92-846D-A86570A6B094}.Release|Any CPU.ActiveCfg = Release|Any CPU
		{FD16EF7B-7F65-4C92-846D-A86570A6B094}.Release|Any CPU.Build.0 = Release|Any CPU
		{9272138F-523B-42D1-AA0B-A73E3A940CB2}.Debug|Any CPU.ActiveCfg = Debug|Any CPU
		{9272138F-523B-42D1-AA0B-A73E3A940CB2}.Debug|Any CPU.Build.0 = Debug|Any CPU
		{9272138F-523B-42D1-AA0B-A73E3A940CB2}.Release|Any CPU.ActiveCfg = Release|Any CPU
		{9272138F-523B-42D1-AA0B-A73E3A940CB2}.Release|Any CPU.Build.0 = Release|Any CPU
	EndGlobalSection
EndGlobal
